{
  "name": "dok-socket-client",
  "version": "1.0.0",
  "lockfileVersion": 1,
  "requires": true,
  "dependencies": {
    "dok-pool": {
      "version": "1.0.46",
      "resolved": "https://registry.npmjs.org/dok-pool/-/dok-pool-1.0.46.tgz",
      "integrity": "sha512-RBK98gPwe55ch0Koyu/FczDILDuk6oU0NA9ESKsbyDSG6ai5RiYGy79Cuwp44N25XqCntRlnNThmUmz2/33hng=="
    },
    "dok-utils": {
      "version": "1.0.2",
      "resolved": "https://registry.npmjs.org/dok-utils/-/dok-utils-1.0.2.tgz",
      "integrity": "sha512-2ndUYsYaSyQymJdfVXXQDxTadERw6cqCyyT+d6ci03gJs3nyr48tVhKteL0xapUWaARiQsm2AFyWqSW5jCXOnQ=="
    }
  }
}
